
Microsoft Visual Studio Solution File, Format Version 12.00
# Visual Studio Version 16
VisualStudioVersion = 16.0.30621.155
MinimumVisualStudioVersion = 10.0.40219.1
Project("{9A19103F-16F7-4668-BE54-9A1E7A4F7556}") = "MediaInteractivaTest", "MediaInteractivaTest.csproj", "{BD662C89-2F71-48EF-8503-B2C78B5C2B9A}"
EndProject
Global
	GlobalSection(SolutionConfigurationPlatforms) = preSolution
		Debug|Any CPU = Debug|Any CPU
		Release|Any CPU = Release|Any CPU
	EndGlobalSection
	GlobalSection(ProjectConfigurationPlatforms) = postSolution
		{BD662C89-2F71-48EF-8503-B2C78B5C2B9A}.Debug|Any CPU.ActiveCfg = Debug|Any CPU
		{BD662C89-2F71-48EF-8503-B2C78B5C2B9A}.Debug|Any CPU.Build.0 = Debug|Any CPU
		{BD662C89-2F71-48EF-8503-B2C78B5C2B9A}.Release|Any CPU.ActiveCfg = Release|Any CPU
		{BD662C89-2F71-48EF-8503-B2C78B5C2B9A}.Release|Any CPU.Build.0 = Release|Any CPU
	EndGlobalSection
	GlobalSection(SolutionProperties) = preSolution
		HideSolutionNode = FALSE
	EndGlobalSection
	GlobalSection(ExtensibilityGlobals) = postSolution
		SolutionGuid = {7BE009C5-D405-4A8B-834F-66BEDFB62A62}
	EndGlobalSection
EndGlobal
